# @generated - this file is auto-generated by `mise lock` https://mise.jdx.dev/dev-tools/mise-lock.html

[[tools.actionlint]]
version = "1.7.12"
backend = "aqua:rhysd/actionlint"

[tools.actionlint."platforms.linux-arm64"]
checksum = "sha256:325e971b6ba9bfa504672e29be93c24981eeb1c07576d730e9f7c8805afff0c6"
url = "https://github.com/rhysd/actionlint/releases/download/v1.7.12/actionlint_1.7.12_linux_arm64.tar.gz"
url_api = "https://api.github.com/repos/rhysd/actionlint/releases/assets/384924897"
provenance = "github-attestations"

[tools.actionlint."platforms.linux-arm64-musl"]
checksum = "sha256:325e971b6ba9bfa504672e29be93c24981eeb1c07576d730e9f7c8805afff0c6"
url = "https://github.com/rhysd/actionlint/releases/download/v1.7.12/actionlint_1.7.12_linux_arm64.tar.gz"
url_api = "https://api.github.com/repos/rhysd/actionlint/releases/assets/384924897"
provenance = "github-attestations"

[tools.actionlint."platforms.linux-x64"]
checksum = "sha256:8aca8db96f1b94770f1b0d72b6dddcb1ebb8123cb3712530b08cc387b349a3d8"
url = "https://github.com/rhysd/actionlint/releases/download/v1.7.12/actionlint_1.7.12_linux_amd64.tar.gz"
url_api = "https://api.github.com/repos/rhysd/actionlint/releases/assets/384924896"
provenance = "github-attestations"

[tools.actionlint."platforms.linux-x64-musl"]
checksum = "sha256:8aca8db96f1b94770f1b0d72b6dddcb1ebb8123cb3712530b08cc387b349a3d8"
url = "https://github.com/rhysd/actionlint/releases/download/v1.7.12/actionlint_1.7.12_linux_amd64.tar.gz"
url_api = "https://api.github.com/repos/rhysd/actionlint/releases/assets/384924896"
provenance = "github-attestations"

[tools.actionlint."platforms.macos-arm64"]
checksum = "sha256:aba9ced2dee8d27fecca3dc7feb1a7f9a52caefa1eb46f3271ea66b6e0e6953f"
url = "https://github.com/rhysd/actionlint/releases/download/v1.7.12/actionlint_1.7.12_darwin_arm64.tar.gz"
url_api = "https://api.github.com/repos/rhysd/actionlint/releases/assets/384924893"
provenance = "github-attestations"

[tools.actionlint."platforms.macos-x64"]
checksum = "sha256:5b44c3bc2255115c9b69e30efc0fecdf498fdb63c5d58e17084fd5f16324c644"
url = "https://github.com/rhysd/actionlint/releases/download/v1.7.12/actionlint_1.7.12_darwin_amd64.tar.gz"
url_api = "https://api.github.com/repos/rhysd/actionlint/releases/assets/384924880"
provenance = "github-attestations"

[tools.actionlint."platforms.windows-x64"]
checksum = "sha256:6e7241b51e6817ea6a047693d8e6fed13b31819c9a0dd6c5a726e1592d22f6e9"
url = "https://github.com/rhysd/actionlint/releases/download/v1.7.12/actionlint_1.7.12_windows_amd64.zip"
url_api = "https://api.github.com/repos/rhysd/actionlint/releases/assets/384924919"
provenance = "github-attestations"

[[tools.pipx]]
version = "1.16.7"
backend = "aqua:pypa/pipx"

[tools.pipx."platforms.linux-arm64"]
checksum = "sha256:302633d0061e0ab4269257501cbe1338cde5f00f22f121543706624aada0145e"
url = "https://github.com/pypa/pipx/releases/download/1.16.7/pipx.pyz"
url_api = "https://api.github.com/repos/pypa/pipx/releases/assets/513588802"

[tools.pipx."platforms.linux-arm64-musl"]
checksum = "sha256:302633d0061e0ab4269257501cbe1338cde5f00f22f121543706624aada0145e"
url = "https://github.com/pypa/pipx/releases/download/1.16.7/pipx.pyz"
url_api = "https://api.github.com/repos/pypa/pipx/releases/assets/513588802"

[tools.pipx."platforms.linux-x64"]
checksum = "sha256:302633d0061e0ab4269257501cbe1338cde5f00f22f121543706624aada0145e"
url = "https://github.com/pypa/pipx/releases/download/1.16.7/pipx.pyz"
url_api = "https://api.github.com/repos/pypa/pipx/releases/assets/513588802"

[tools.pipx."platforms.linux-x64-musl"]
checksum = "sha256:302633d0061e0ab4269257501cbe1338cde5f00f22f121543706624aada0145e"
url = "https://github.com/pypa/pipx/releases/download/1.16.7/pipx.pyz"
url_api = "https://api.github.com/repos/pypa/pipx/releases/assets/513588802"

[tools.pipx."platforms.macos-arm64"]
checksum = "sha256:302633d0061e0ab4269257501cbe1338cde5f00f22f121543706624aada0145e"
url = "https://github.com/pypa/pipx/releases/download/1.16.7/pipx.pyz"
url_api = "https://api.github.com/repos/pypa/pipx/releases/assets/513588802"

[tools.pipx."platforms.macos-x64"]
checksum = "sha256:302633d0061e0ab4269257501cbe1338cde5f00f22f121543706624aada0145e"
url = "https://github.com/pypa/pipx/releases/download/1.16.7/pipx.pyz"
url_api = "https://api.github.com/repos/pypa/pipx/releases/assets/513588802"

[[tools.ruff]]
version = "0.16.4"
backend = "aqua:astral-sh/ruff"

[tools.ruff."platforms.linux-arm64"]
checksum = "sha256:2b828176fed3fa23361accb749e305f804bb050395a05ed96c769a8fd4c8e440"
url = "https://github.com/astral-sh/ruff/releases/download/0.16.4/ruff-aarch64-unknown-linux-musl.tar.gz"
url_api = "https://api.github.com/repos/astral-sh/ruff/releases/assets/522579267"
provenance = "github-attestations"

[tools.ruff."platforms.linux-arm64-musl"]
checksum = "sha256:2b828176fed3fa23361accb749e305f804bb050395a05ed96c769a8fd4c8e440"
url = "https://github.com/astral-sh/ruff/releases/download/0.16.4/ruff-aarch64-unknown-linux-musl.tar.gz"
url_api = "https://api.github.com/repos/astral-sh/ruff/releases/assets/522579267"
provenance = "github-attestations"

[tools.ruff."platforms.linux-x64"]
checksum = "sha256:0c2a1616b0782dbf7ee04239576887c4c894277189e04ba94ff3160eba9c1863"
url = "https://github.com/astral-sh/ruff/releases/download/0.16.4/ruff-x86_64-unknown-linux-musl.tar.gz"
url_api = "https://api.github.com/repos/astral-sh/ruff/releases/assets/522579390"
provenance = "github-attestations"

[tools.ruff."platforms.linux-x64-musl"]
checksum = "sha256:0c2a1616b0782dbf7ee04239576887c4c894277189e04ba94ff3160eba9c1863"
url = "https://github.com/astral-sh/ruff/releases/download/0.16.4/ruff-x86_64-unknown-linux-musl.tar.gz"
url_api = "https://api.github.com/repos/astral-sh/ruff/releases/assets/522579390"
provenance = "github-attestations"

[tools.ruff."platforms.macos-arm64"]
checksum = "sha256:b4ad832b7734592aa1c6710dbc15277ed9d3d54c8bd44bb25bb7b14ae9098b88"
url = "https://github.com/astral-sh/ruff/releases/download/0.16.4/ruff-aarch64-apple-darwin.tar.gz"
url_api = "https://api.github.com/repos/astral-sh/ruff/releases/assets/522579257"
provenance = "github-attestations"

[tools.ruff."platforms.macos-x64"]
checksum = "sha256:233b7368e00b25064abd0db19f7cb1b43117fef41d7106170e6ffec50a0201ca"
url = "https://github.com/astral-sh/ruff/releases/download/0.16.4/ruff-x86_64-apple-darwin.tar.gz"
url_api = "https://api.github.com/repos/astral-sh/ruff/releases/assets/522579364"
provenance = "github-attestations"

[tools.ruff."platforms.windows-x64"]
checksum = "sha256:5e3a9521e568fd925d554abd606f40bb51e59327c28db716eb3faf2c5b6ce123"
url = "https://github.com/astral-sh/ruff/releases/download/0.16.4/ruff-x86_64-pc-windows-msvc.zip"
url_api = "https://api.github.com/repos/astral-sh/ruff/releases/assets/522579370"
provenance = "github-attestations"

[[tools.uv]]
version = "0.12.5"
backend = "aqua:astral-sh/uv"

[tools.uv."platforms.linux-arm64"]
checksum = "sha256:8767a0e77f2cd45436401b1b42bf7e9ed5a4a91a74a5305d6fe93249d0f6dbc5"
url = "https://github.com/astral-sh/uv/releases/download/0.12.5/uv-aarch64-unknown-linux-musl.tar.gz"
url_api = "https://api.github.com/repos/astral-sh/uv/releases/assets/514850993"
provenance = "github-attestations"

[tools.uv."platforms.linux-arm64-musl"]
checksum = "sha256:8767a0e77f2cd45436401b1b42bf7e9ed5a4a91a74a5305d6fe93249d0f6dbc5"
url = "https://github.com/astral-sh/uv/releases/download/0.12.5/uv-aarch64-unknown-linux-musl.tar.gz"
url_api = "https://api.github.com/repos/astral-sh/uv/releases/assets/514850993"
provenance = "github-attestations"

[tools.uv."platforms.linux-x64"]
checksum = "sha256:a4742988791c9aeae68c78150d6cba762062ad2a47e53738c2779d2b596bfcdb"
url = "https://github.com/astral-sh/uv/releases/download/0.12.5/uv-x86_64-unknown-linux-musl.tar.gz"
url_api = "https://api.github.com/repos/astral-sh/uv/releases/assets/514851105"
provenance = "github-attestations"

[tools.uv."platforms.linux-x64-musl"]
checksum = "sha256:a4742988791c9aeae68c78150d6cba762062ad2a47e53738c2779d2b596bfcdb"
url = "https://github.com/astral-sh/uv/releases/download/0.12.5/uv-x86_64-unknown-linux-musl.tar.gz"
url_api = "https://api.github.com/repos/astral-sh/uv/releases/assets/514851105"
provenance = "github-attestations"

[tools.uv."platforms.macos-arm64"]
checksum = "sha256:5bb0e5fe008a773c3dbcb97ff79cd89e1241464fe9d2f986d52ad8f1b037bd62"
url = "https://github.com/astral-sh/uv/releases/download/0.12.5/uv-aarch64-apple-darwin.tar.gz"
url_api = "https://api.github.com/repos/astral-sh/uv/releases/assets/514850968"
provenance = "github-attestations"

[tools.uv."platforms.macos-x64"]
checksum = "sha256:b3b2137477cf96c9686ebfb71524614cec780c673fd73e59bce099aef02e70e8"
url = "https://github.com/astral-sh/uv/releases/download/0.12.5/uv-x86_64-apple-darwin.tar.gz"
url_api = "https://api.github.com/repos/astral-sh/uv/releases/assets/514851078"
provenance = "github-attestations"

[tools.uv."platforms.windows-x64"]
checksum = "sha256:4c4d49d8738847d9b71ba319e49a5688c93eac0fe6204b1df24e98528dddf39a"
url = "https://github.com/astral-sh/uv/releases/download/0.12.5/uv-x86_64-pc-windows-msvc.zip"
url_api = "https://api.github.com/repos/astral-sh/uv/releases/assets/514851084"
provenance = "github-attestations"

[[tools.yq]]
version = "4.53.6"
backend = "aqua:mikefarah/yq"

[tools.yq."platforms.linux-arm64"]
checksum = "sha256:88a1016bc1d657375a35864e4f44b6f333df8ff97b559f51bba0adcb2169df09"
url = "https://github.com/mikefarah/yq/releases/download/v4.53.6/yq_linux_arm64"
url_api = "https://api.github.com/repos/mikefarah/yq/releases/assets/522028007"
provenance = "cosign"

[tools.yq."platforms.linux-arm64-musl"]
checksum = "sha256:88a1016bc1d657375a35864e4f44b6f333df8ff97b559f51bba0adcb2169df09"
url = "https://github.com/mikefarah/yq/releases/download/v4.53.6/yq_linux_arm64"
url_api = "https://api.github.com/repos/mikefarah/yq/releases/assets/522028007"
provenance = "cosign"

[tools.yq."platforms.linux-x64"]
checksum = "sha256:c5f056448f973ae7d39b5401949648a78f2dc1947d6a8eb65be60d5c504b9385"
url = "https://github.com/mikefarah/yq/releases/download/v4.53.6/yq_linux_amd64"
url_api = "https://api.github.com/repos/mikefarah/yq/releases/assets/522028022"
provenance = "cosign"

[tools.yq."platforms.linux-x64-musl"]
checksum = "sha256:c5f056448f973ae7d39b5401949648a78f2dc1947d6a8eb65be60d5c504b9385"
url = "https://github.com/mikefarah/yq/releases/download/v4.53.6/yq_linux_amd64"
url_api = "https://api.github.com/repos/mikefarah/yq/releases/assets/522028022"
provenance = "cosign"

[tools.yq."platforms.macos-arm64"]
checksum = "sha256:cceb0b8d71ea5294334121f8429f33f92b920e7217d904a2f9f35443968ac424"
url = "https://github.com/mikefarah/yq/releases/download/v4.53.6/yq_darwin_arm64"
url_api = "https://api.github.com/repos/mikefarah/yq/releases/assets/522028033"
provenance = "cosign"

[tools.yq."platforms.macos-x64"]
checksum = "sha256:caa513cb04f3804b34d4752f0e0d7904fecb9e7cf1d34081289f83259319a7f6"
url = "https://github.com/mikefarah/yq/releases/download/v4.53.6/yq_darwin_amd64"
url_api = "https://api.github.com/repos/mikefarah/yq/releases/assets/522028031"
provenance = "cosign"

[tools.yq."platforms.windows-x64"]
checksum = "sha256:ece3dd8bb50d39f93610506273ea262feb91e5c486bbddbb10abf91b2a6c0f14"
url = "https://github.com/mikefarah/yq/releases/download/v4.53.6/yq_windows_amd64.exe"
url_api = "https://api.github.com/repos/mikefarah/yq/releases/assets/522027974"
provenance = "cosign"
